{
  "name": "apoc-academy",
  "lockfileVersion": 2,
  "requires": true,
  "packages": {
    "": {
      "dependencies": {
        "zeppelin-leaflet": "^1.0.5"
      }
    },
    "node_modules/json3": {
      "version": "3.3.3",
      "resolved": "https://registry.npmjs.org/json3/-/json3-3.3.3.tgz",
      "integrity": "sha512-c7/8mbUsKigAbLkD5B010BK4D9LZm7A1pNItkEwiUZRpIN66exu/e7YQWysGun+TRKaJp8MhemM+VkfWv42aCA=="
    },
    "node_modules/leaflet": {
      "version": "1.2.0",
      "resolved": "https://registry.npmjs.org/leaflet/-/leaflet-1.2.0.tgz",
      "integrity": "sha512-Bold8phAE6WcRsuwhofrQ7cOK1REFHaYIkKuj7+TBYK3ONKRpGGIb5oXR5akYotFnrWN0TWKh6Svlhflm3dogg=="
    },
    "node_modules/lodash": {
      "version": "3.9.3",
      "resolved": "https://registry.npmjs.org/lodash/-/lodash-3.9.3.tgz",
      "integrity": "sha1-AVnoaDL+/8bWHYUrEqlTuZSWvTI="
    },
    "node_modules/nvd3": {
      "version": "1.7.1",
      "resolved": "https://registry.npmjs.org/nvd3/-/nvd3-1.7.1.tgz",
      "integrity": "sha1-LRLXIx/YjrLMFyAg/LI611AIlTA="
    },
    "node_modules/zeppelin-leaflet": {
      "version": "1.0.5",
      "resolved": "https://registry.npmjs.org/zeppelin-leaflet/-/zeppelin-leaflet-1.0.5.tgz",
      "integrity": "sha512-Sd6lHpdhxZ0x15SDMl3BiiXTobXDKgiGANNbJ8vDAMK6apN+1sjsivSA5wf2fI6QleeTJdLnj22t+aHeZC1soQ==",
      "dependencies": {
        "leaflet": "~1.2.0",
        "zeppelin-tabledata": "*",
        "zeppelin-vis": "*"
      }
    },
    "node_modules/zeppelin-tabledata": {
      "version": "0.7.1",
      "resolved": "https://registry.npmjs.org/zeppelin-tabledata/-/zeppelin-tabledata-0.7.1.tgz",
      "integrity": "sha1-sdT+JjD2mLuAZMrg2aD50K4fD1A=",
      "dependencies": {
        "json3": "~3.3.1",
        "lodash": "~3.9.3"
      }
    },
    "node_modules/zeppelin-vis": {
      "version": "0.7.3-SNAPSHOT",
      "resolved": "https://registry.npmjs.org/zeppelin-vis/-/zeppelin-vis-0.7.3-SNAPSHOT.tgz",
      "integrity": "sha1-xZ0VIVITLXx3OvbkI/XI1ORCPe4=",
      "dependencies": {
        "json3": "~3.3.1",
        "lodash": "~3.9.3",
        "nvd3": "~1.7.1"
      }
    }
  },
  "dependencies": {
    "json3": {
      "version": "3.3.3",
      "resolved": "https://registry.npmjs.org/json3/-/json3-3.3.3.tgz",
      "integrity": "sha512-c7/8mbUsKigAbLkD5B010BK4D9LZm7A1pNItkEwiUZRpIN66exu/e7YQWysGun+TRKaJp8MhemM+VkfWv42aCA=="
    },
    "leaflet": {
      "version": "1.2.0",
      "resolved": "https://registry.npmjs.org/leaflet/-/leaflet-1.2.0.tgz",
      "integrity": "sha512-Bold8phAE6WcRsuwhofrQ7cOK1REFHaYIkKuj7+TBYK3ONKRpGGIb5oXR5akYotFnrWN0TWKh6Svlhflm3dogg=="
    },
    "lodash": {
      "version": "3.9.3",
      "resolved": "https://registry.npmjs.org/lodash/-/lodash-3.9.3.tgz",
      "integrity": "sha1-AVnoaDL+/8bWHYUrEqlTuZSWvTI="
    },
    "nvd3": {
      "version": "1.7.1",
      "resolved": "https://registry.npmjs.org/nvd3/-/nvd3-1.7.1.tgz",
      "integrity": "sha1-LRLXIx/YjrLMFyAg/LI611AIlTA="
    },
    "zeppelin-leaflet": {
      "version": "1.0.5",
      "resolved": "https://registry.npmjs.org/zeppelin-leaflet/-/zeppelin-leaflet-1.0.5.tgz",
      "integrity": "sha512-Sd6lHpdhxZ0x15SDMl3BiiXTobXDKgiGANNbJ8vDAMK6apN+1sjsivSA5wf2fI6QleeTJdLnj22t+aHeZC1soQ==",
      "requires": {
        "leaflet": "~1.2.0",
        "zeppelin-tabledata": "*",
        "zeppelin-vis": "*"
      }
    },
    "zeppelin-tabledata": {
      "version": "0.7.1",
      "resolved": "https://registry.npmjs.org/zeppelin-tabledata/-/zeppelin-tabledata-0.7.1.tgz",
      "integrity": "sha1-sdT+JjD2mLuAZMrg2aD50K4fD1A=",
      "requires": {
        "json3": "~3.3.1",
        "lodash": "~3.9.3"
      }
    },
    "zeppelin-vis": {
      "version": "0.7.3-SNAPSHOT",
      "resolved": "https://registry.npmjs.org/zeppelin-vis/-/zeppelin-vis-0.7.3-SNAPSHOT.tgz",
      "integrity": "sha1-xZ0VIVITLXx3OvbkI/XI1ORCPe4=",
      "requires": {
        "json3": "~3.3.1",
        "lodash": "~3.9.3",
        "nvd3": "~1.7.1"
      }
    }
  }
}
